
Microsoft Visual Studio Solution File, Format Version 12.00
# Visual Studio 15
VisualStudioVersion = 15.0.28307.168
MinimumVisualStudioVersion = 10.0.40219.1
Project("{FAE04EC0-301F-11D3-BF4B-00C04F79EFBC}") = "ClientCore", "ClientCore\ClientCore.csproj", "{3F828E01-4742-4A1E-81CE-349F4493DDBE}"
EndProject
Global
	GlobalSection(SolutionConfigurationPlatforms) = preSolution
		Debug|Any CPU = Debug|Any CPU
		Release|Any CPU = Release|Any CPU
	EndGlobalSection
	GlobalSection(ProjectConfigurationPlatforms) = postSolution
		{3F828E01-4742-4A1E-81CE-349F4493DDBE}.Debug|Any CPU.ActiveCfg = Debug|Any CPU
		{3F828E01-4742-4A1E-81CE-349F4493DDBE}.Debug|Any CPU.Build.0 = Debug|Any CPU
		{3F828E01-4742-4A1E-81CE-349F4493DDBE}.Release|Any CPU.ActiveCfg = Release|Any CPU
		{3F828E01-4742-4A1E-81CE-349F4493DDBE}.Release|Any CPU.Build.0 = Release|Any CPU
	EndGlobalSection
	GlobalSection(SolutionProperties) = preSolution
		HideSolutionNode = FALSE
	EndGlobalSection
	GlobalSection(ExtensibilityGlobals) = postSolution
		SolutionGuid = {FCD40FF4-DFED-4BFD-846F-C7D9B9F41A31}
	EndGlobalSection
EndGlobal
