
Microsoft Visual Studio Solution File, Format Version 12.00
# Visual Studio 15
VisualStudioVersion = 15.0.28307.168
MinimumVisualStudioVersion = 10.0.40219.1
Project("{FAE04EC0-301F-11D3-BF4B-00C04F79EFBC}") = "PingPong", "PingPong\PingPong.csproj", "{742B8A8C-734F-494B-BEE7-2AAFBFB4AC57}"
EndProject
Project("{FAE04EC0-301F-11D3-BF4B-00C04F79EFBC}") = "ServerCore", "ServerCore\ServerCore.csproj", "{3398A1F3-CB13-4C57-89BA-BE247085867E}"
EndProject
Project("{FAE04EC0-301F-11D3-BF4B-00C04F79EFBC}") = "ServerImplementations", "ServerImplementations\ServerImplementations.csproj", "{EF8E2ECA-A240-49D0-B33D-8D7FE573322C}"
EndProject
Global
	GlobalSection(SolutionConfigurationPlatforms) = preSolution
		Debug|Any CPU = Debug|Any CPU
		Release|Any CPU = Release|Any CPU
	EndGlobalSection
	GlobalSection(ProjectConfigurationPlatforms) = postSolution
		{742B8A8C-734F-494B-BEE7-2AAFBFB4AC57}.Debug|Any CPU.ActiveCfg = Debug|Any CPU
		{742B8A8C-734F-494B-BEE7-2AAFBFB4AC57}.Debug|Any CPU.Build.0 = Debug|Any CPU
		{742B8A8C-734F-494B-BEE7-2AAFBFB4AC57}.Release|Any CPU.ActiveCfg = Release|Any CPU
		{742B8A8C-734F-494B-BEE7-2AAFBFB4AC57}.Release|Any CPU.Build.0 = Release|Any CPU
		{3398A1F3-CB13-4C57-89BA-BE247085867E}.Debug|Any CPU.ActiveCfg = Debug|Any CPU
		{3398A1F3-CB13-4C57-89BA-BE247085867E}.Debug|Any CPU.Build.0 = Debug|Any CPU
		{3398A1F3-CB13-4C57-89BA-BE247085867E}.Release|Any CPU.ActiveCfg = Release|Any CPU
		{3398A1F3-CB13-4C57-89BA-BE247085867E}.Release|Any CPU.Build.0 = Release|Any CPU
		{EF8E2ECA-A240-49D0-B33D-8D7FE573322C}.Debug|Any CPU.ActiveCfg = Debug|Any CPU
		{EF8E2ECA-A240-49D0-B33D-8D7FE573322C}.Debug|Any CPU.Build.0 = Debug|Any CPU
		{EF8E2ECA-A240-49D0-B33D-8D7FE573322C}.Release|Any CPU.ActiveCfg = Release|Any CPU
		{EF8E2ECA-A240-49D0-B33D-8D7FE573322C}.Release|Any CPU.Build.0 = Release|Any CPU
	EndGlobalSection
	GlobalSection(SolutionProperties) = preSolution
		HideSolutionNode = FALSE
	EndGlobalSection
	GlobalSection(ExtensibilityGlobals) = postSolution
		SolutionGuid = {AB1DDAFD-F078-4009-9BE0-92597C708B1F}
	EndGlobalSection
EndGlobal
